// !$*UTF8*$!
{
	archiveVersion = 1;
	classes = {
	};
	objectVersion = 46;
	objects = {

/* Begin PBXBuildFile section */
		7438C0641E8975A90006BAD1 /* Buffer.swift in Sources */ = {isa = PBXBuildFile; fileRef = 7438C0631E8975A90006BAD1 /* Buffer.swift */; };
		749C35BD1E86A859000019F8 /* main.swift in Sources */ = {isa = PBXBuildFile; fileRef = 749C35BC1E86A859000019F8 /* main.swift */; };
		749C35C41E86AD09000019F8 /* TestEntity.swift in Sources */ = {isa = PBXBuildFile; fileRef = 749C35C31E86AD09000019F8 /* TestEntity.swift */; };
		749C35C61E86B3AE000019F8 /* Parser.swift in Sources */ = {isa = PBXBuildFile; fileRef = 749C35C51E86B3AE000019F8 /* Parser.swift */; };
		749C35C91E86B3ED000019F8 /* Scanner.swift in Sources */ = {isa = PBXBuildFile; fileRef = 749C35C81E86B3EC000019F8 /* Scanner.swift */; };
		749C35CB1E86B4D3000019F8 /* Lexeme.swift in Sources */ = {isa = PBXBuildFile; fileRef = 749C35CA1E86B4D3000019F8 /* Lexeme.swift */; };
		749C35CD1E86C1AA000019F8 /* ConsoleIO.swift in Sources */ = {isa = PBXBuildFile; fileRef = 749C35CC1E86C1AA000019F8 /* ConsoleIO.swift */; };
		74C1991C1E8A962E002A2EB5 /* ParserError.swift in Sources */ = {isa = PBXBuildFile; fileRef = 74C1991B1E8A962E002A2EB5 /* ParserError.swift */; };
/* End PBXBuildFile section */

/* Begin PBXCopyFilesBuildPhase section */
		749C35B71E86A859000019F8 /* CopyFiles */ = {
			isa = PBXCopyFilesBuildPhase;
			buildActionMask = 2147483647;
			dstPath = /usr/share/man/man1/;
			dstSubfolderSpec = 0;
			files = (
			);
			runOnlyForDeploymentPostprocessing = 1;
		};
/* End PBXCopyFilesBuildPhase section */

/* Begin PBXFileReference section */
		7438C0631E8975A90006BAD1 /* Buffer.swift */ = {isa = PBXFileReference; fileEncoding = 4; lastKnownFileType = sourcecode.swift; path = Buffer.swift; sourceTree = "<group>"; };
		749C35B91E86A859000019F8 /* swiftogen */ = {isa = PBXFileReference; explicitFileType = "compiled.mach-o.executable"; includeInIndex = 0; path = swiftogen; sourceTree = BUILT_PRODUCTS_DIR; };
		749C35BC1E86A859000019F8 /* main.swift */ = {isa = PBXFileReference; lastKnownFileType = sourcecode.swift; path = main.swift; sourceTree = "<group>"; };
		749C35C31E86AD09000019F8 /* TestEntity.swift */ = {isa = PBXFileReference; fileEncoding = 4; lastKnownFileType = sourcecode.swift; path = TestEntity.swift; sourceTree = "<group>"; };
		749C35C51E86B3AE000019F8 /* Parser.swift */ = {isa = PBXFileReference; fileEncoding = 4; lastKnownFileType = sourcecode.swift; path = Parser.swift; sourceTree = "<group>"; };
		749C35C81E86B3EC000019F8 /* Scanner.swift */ = {isa = PBXFileReference; fileEncoding = 4; lastKnownFileType = sourcecode.swift; path = Scanner.swift; sourceTree = "<group>"; };
		749C35CA1E86B4D3000019F8 /* Lexeme.swift */ = {isa = PBXFileReference; fileEncoding = 4; lastKnownFileType = sourcecode.swift; path = Lexeme.swift; sourceTree = "<group>"; };
		749C35CC1E86C1AA000019F8 /* ConsoleIO.swift */ = {isa = PBXFileReference; fileEncoding = 4; lastKnownFileType = sourcecode.swift; path = ConsoleIO.swift; sourceTree = "<group>"; };
		74C1991A1E8A30FA002A2EB5 /* TestEntity.txt */ = {isa = PBXFileReference; lastKnownFileType = text; path = TestEntity.txt; sourceTree = "<group>"; };
		74C1991B1E8A962E002A2EB5 /* ParserError.swift */ = {isa = PBXFileReference; fileEncoding = 4; lastKnownFileType = sourcecode.swift; path = ParserError.swift; sourceTree = "<group>"; };
/* End PBXFileReference section */

/* Begin PBXFrameworksBuildPhase section */
		749C35B61E86A859000019F8 /* Frameworks */ = {
			isa = PBXFrameworksBuildPhase;
			buildActionMask = 2147483647;
			files = (
			);
			runOnlyForDeploymentPostprocessing = 0;
		};
/* End PBXFrameworksBuildPhase section */

/* Begin PBXGroup section */
		749C35B01E86A859000019F8 = {
			isa = PBXGroup;
			children = (
				74C1991A1E8A30FA002A2EB5 /* TestEntity.txt */,
				749C35C71E86B3B2000019F8 /* Classes */,
				749C35BB1E86A859000019F8 /* swiftogen */,
				749C35BA1E86A859000019F8 /* Products */,
			);
			sourceTree = "<group>";
		};
		749C35BA1E86A859000019F8 /* Products */ = {
			isa = PBXGroup;
			children = (
				749C35B91E86A859000019F8 /* swiftogen */,
			);
			name = Products;
			sourceTree = "<group>";
		};
		749C35BB1E86A859000019F8 /* swiftogen */ = {
			isa = PBXGroup;
			children = (
				749C35BC1E86A859000019F8 /* main.swift */,
				749C35C31E86AD09000019F8 /* TestEntity.swift */,
			);
			path = swiftogen;
			sourceTree = "<group>";
		};
		749C35C71E86B3B2000019F8 /* Classes */ = {
			isa = PBXGroup;
			children = (
				749C35C51E86B3AE000019F8 /* Parser.swift */,
				749C35C81E86B3EC000019F8 /* Scanner.swift */,
				749C35CA1E86B4D3000019F8 /* Lexeme.swift */,
				749C35CC1E86C1AA000019F8 /* ConsoleIO.swift */,
				7438C0631E8975A90006BAD1 /* Buffer.swift */,
				74C1991B1E8A962E002A2EB5 /* ParserError.swift */,
			);
			name = Classes;
			sourceTree = "<group>";
		};
/* End PBXGroup section */

/* Begin PBXNativeTarget section */
		749C35B81E86A859000019F8 /* swiftogen */ = {
			isa = PBXNativeTarget;
			buildConfigurationList = 749C35C01E86A859000019F8 /* Build configuration list for PBXNativeTarget "swiftogen" */;
			buildPhases = (
				749C35B51E86A859000019F8 /* Sources */,
				749C35B61E86A859000019F8 /* Frameworks */,
				749C35B71E86A859000019F8 /* CopyFiles */,
			);
			buildRules = (
			);
			dependencies = (
			);
			name = swiftogen;
			productName = swiftogen;
			productReference = 749C35B91E86A859000019F8 /* swiftogen */;
			productType = "com.apple.product-type.tool";
		};
/* End PBXNativeTarget section */

/* Begin PBXProject section */
		749C35B11E86A859000019F8 /* Project object */ = {
			isa = PBXProject;
			attributes = {
				LastSwiftUpdateCheck = 0820;
				LastUpgradeCheck = 0820;
				ORGANIZATIONNAME = mz;
				TargetAttributes = {
					749C35B81E86A859000019F8 = {
						CreatedOnToolsVersion = 8.2.1;
						DevelopmentTeam = KJWPEX5SPQ;
						ProvisioningStyle = Automatic;
					};
				};
			};
			buildConfigurationList = 749C35B41E86A859000019F8 /* Build configuration list for PBXProject "swiftogen" */;
			compatibilityVersion = "Xcode 3.2";
			developmentRegion = English;
			hasScannedForEncodings = 0;
			knownRegions = (
				en,
			);
			mainGroup = 749C35B01E86A859000019F8;
			productRefGroup = 749C35BA1E86A859000019F8 /* Products */;
			projectDirPath = "";
			projectRoot = "";
			targets = (
				749C35B81E86A859000019F8 /* swiftogen */,
			);
		};
/* End PBXProject section */

/* Begin PBXSourcesBuildPhase section */
		749C35B51E86A859000019F8 /* Sources */ = {
			isa = PBXSourcesBuildPhase;
			buildActionMask = 2147483647;
			files = (
				749C35CB1E86B4D3000019F8 /* Lexeme.swift in Sources */,
				749C35C41E86AD09000019F8 /* TestEntity.swift in Sources */,
				7438C0641E8975A90006BAD1 /* Buffer.swift in Sources */,
				74C1991C1E8A962E002A2EB5 /* ParserError.swift in Sources */,
				749C35BD1E86A859000019F8 /* main.swift in Sources */,
				749C35CD1E86C1AA000019F8 /* ConsoleIO.swift in Sources */,
				749C35C91E86B3ED000019F8 /* Scanner.swift in Sources */,
				749C35C61E86B3AE000019F8 /* Parser.swift in Sources */,
			);
			runOnlyForDeploymentPostprocessing = 0;
		};
/* End PBXSourcesBuildPhase section */

/* Begin XCBuildConfiguration section */
		749C35BE1E86A859000019F8 /* Debug */ = {
			isa = XCBuildConfiguration;
			buildSettings = {
				ALWAYS_SEARCH_USER_PATHS = NO;
				CLANG_ANALYZER_NONNULL = YES;
				CLANG_CXX_LANGUAGE_STANDARD = "gnu++0x";
				CLANG_CXX_LIBRARY = "libc++";
				CLANG_ENABLE_MODULES = YES;
				CLANG_ENABLE_OBJC_ARC = YES;
				CLANG_WARN_BOOL_CONVERSION = YES;
				CLANG_WARN_CONSTANT_CONVERSION = YES;
				CLANG_WARN_DIRECT_OBJC_ISA_USAGE = YES_ERROR;
				CLANG_WARN_DOCUMENTATION_COMMENTS = YES;
				CLANG_WARN_EMPTY_BODY = YES;
				CLANG_WARN_ENUM_CONVERSION = YES;
				CLANG_WARN_INFINITE_RECURSION = YES;
				CLANG_WARN_INT_CONVERSION = YES;
				CLANG_WARN_OBJC_ROOT_CLASS = YES_ERROR;
				CLANG_WARN_SUSPICIOUS_MOVE = YES;
				CLANG_WARN_UNREACHABLE_CODE = YES;
				CLANG_WARN__DUPLICATE_METHOD_MATCH = YES;
				CODE_SIGN_IDENTITY = "-";
				COPY_PHASE_STRIP = NO;
				DEBUG_INFORMATION_FORMAT = dwarf;
				ENABLE_STRICT_OBJC_MSGSEND = YES;
				ENABLE_TESTABILITY = YES;
				GCC_C_LANGUAGE_STANDARD = gnu99;
				GCC_DYNAMIC_NO_PIC = NO;
				GCC_NO_COMMON_BLOCKS = YES;
				GCC_OPTIMIZATION_LEVEL = 0;
				GCC_PREPROCESSOR_DEFINITIONS = (
					"DEBUG=1",
					"$(inherited)",
				);
				GCC_WARN_64_TO_32_BIT_CONVERSION = YES;
				GCC_WARN_ABOUT_RETURN_TYPE = YES_ERROR;
				GCC_WARN_UNDECLARED_SELECTOR = YES;
				GCC_WARN_UNINITIALIZED_AUTOS = YES_AGGRESSIVE;
				GCC_WARN_UNUSED_FUNCTION = YES;
				GCC_WARN_UNUSED_VARIABLE = YES;
				MACOSX_DEPLOYMENT_TARGET = 10.12;
				MTL_ENABLE_DEBUG_INFO = YES;
				ONLY_ACTIVE_ARCH = YES;
				SDKROOT = macosx;
				SWIFT_OPTIMIZATION_LEVEL = "-Onone";
			};
			name = Debug;
		};
		749C35BF1E86A859000019F8 /* Release */ = {
			isa = XCBuildConfiguration;
			buildSettings = {
				ALWAYS_SEARCH_USER_PATHS = NO;
				CLANG_ANALYZER_NONNULL = YES;
				CLANG_CXX_LANGUAGE_STANDARD = "gnu++0x";
				CLANG_CXX_LIBRARY = "libc++";
				CLANG_ENABLE_MODULES = YES;
				CLANG_ENABLE_OBJC_ARC = YES;
				CLANG_WARN_BOOL_CONVERSION = YES;
				CLANG_WARN_CONSTANT_CONVERSION = YES;
				CLANG_WARN_DIRECT_OBJC_ISA_USAGE = YES_ERROR;
				CLANG_WARN_DOCUMENTATION_COMMENTS = YES;
				CLANG_WARN_EMPTY_BODY = YES;
				CLANG_WARN_ENUM_CONVERSION = YES;
				CLANG_WARN_INFINITE_RECURSION = YES;
				CLANG_WARN_INT_CONVERSION = YES;
				CLANG_WARN_OBJC_ROOT_CLASS = YES_ERROR;
				CLANG_WARN_SUSPICIOUS_MOVE = YES;
				CLANG_WARN_UNREACHABLE_CODE = YES;
				CLANG_WARN__DUPLICATE_METHOD_MATCH = YES;
				CODE_SIGN_IDENTITY = "-";
				COPY_PHASE_STRIP = NO;
				DEBUG_INFORMATION_FORMAT = "dwarf-with-dsym";
				ENABLE_NS_ASSERTIONS = NO;
				ENABLE_STRICT_OBJC_MSGSEND = YES;
				GCC_C_LANGUAGE_STANDARD = gnu99;
				GCC_NO_COMMON_BLOCKS = YES;
				GCC_WARN_64_TO_32_BIT_CONVERSION = YES;
				GCC_WARN_ABOUT_RETURN_TYPE = YES_ERROR;
				GCC_WARN_UNDECLARED_SELECTOR = YES;
				GCC_WARN_UNINITIALIZED_AUTOS = YES_AGGRESSIVE;
				GCC_WARN_UNUSED_FUNCTION = YES;
				GCC_WARN_UNUSED_VARIABLE = YES;
				MACOSX_DEPLOYMENT_TARGET = 10.12;
				MTL_ENABLE_DEBUG_INFO = NO;
				SDKROOT = macosx;
			};
			name = Release;
		};
		749C35C11E86A859000019F8 /* Debug */ = {
			isa = XCBuildConfiguration;
			buildSettings = {
				DEVELOPMENT_TEAM = KJWPEX5SPQ;
				PRODUCT_NAME = "$(TARGET_NAME)";
				SWIFT_VERSION = 3.0;
			};
			name = Debug;
		};
		749C35C21E86A859000019F8 /* Release */ = {
			isa = XCBuildConfiguration;
			buildSettings = {
				DEVELOPMENT_TEAM = KJWPEX5SPQ;
				PRODUCT_NAME = "$(TARGET_NAME)";
				SWIFT_VERSION = 3.0;
			};
			name = Release;
		};
/* End XCBuildConfiguration section */

/* Begin XCConfigurationList section */
		749C35B41E86A859000019F8 /* Build configuration list for PBXProject "swiftogen" */ = {
			isa = XCConfigurationList;
			buildConfigurations = (
				749C35BE1E86A859000019F8 /* Debug */,
				749C35BF1E86A859000019F8 /* Release */,
			);
			defaultConfigurationIsVisible = 0;
			defaultConfigurationName = Release;
		};
		749C35C01E86A859000019F8 /* Build configuration list for PBXNativeTarget "swiftogen" */ = {
			isa = XCConfigurationList;
			buildConfigurations = (
				749C35C11E86A859000019F8 /* Debug */,
				749C35C21E86A859000019F8 /* Release */,
			);
			defaultConfigurationIsVisible = 0;
			defaultConfigurationName = Release;
		};
/* End XCConfigurationList section */
	};
	rootObject = 749C35B11E86A859000019F8 /* Project object */;
}
